
Microsoft Visual Studio Solution File, Format Version 12.00
Project("{FAE04EC0-301F-11D3-BF4B-00C04F79EFBC}") = "algo", "algo.csproj", "{B5EF8DEE-3860-4A08-8AB7-EFF741C9596F}"
EndProject
Project("{FAE04EC0-301F-11D3-BF4B-00C04F79EFBC}") = "AlgoTest", "AlgoTest\AlgoTest.csproj", "{1C77E08D-8711-46EB-AB22-4E23933076D8}"
EndProject
Global
	GlobalSection(SolutionConfigurationPlatforms) = preSolution
		Debug|Any CPU = Debug|Any CPU
		Release|Any CPU = Release|Any CPU
	EndGlobalSection
	GlobalSection(ProjectConfigurationPlatforms) = postSolution
		{B5EF8DEE-3860-4A08-8AB7-EFF741C9596F}.Debug|Any CPU.ActiveCfg = Debug|Any CPU
		{B5EF8DEE-3860-4A08-8AB7-EFF741C9596F}.Debug|Any CPU.Build.0 = Debug|Any CPU
		{B5EF8DEE-3860-4A08-8AB7-EFF741C9596F}.Release|Any CPU.ActiveCfg = Release|Any CPU
		{B5EF8DEE-3860-4A08-8AB7-EFF741C9596F}.Release|Any CPU.Build.0 = Release|Any CPU
		{1C77E08D-8711-46EB-AB22-4E23933076D8}.Debug|Any CPU.ActiveCfg = Debug|Any CPU
		{1C77E08D-8711-46EB-AB22-4E23933076D8}.Debug|Any CPU.Build.0 = Debug|Any CPU
		{1C77E08D-8711-46EB-AB22-4E23933076D8}.Release|Any CPU.ActiveCfg = Release|Any CPU
		{1C77E08D-8711-46EB-AB22-4E23933076D8}.Release|Any CPU.Build.0 = Release|Any CPU
	EndGlobalSection
EndGlobal
